
Microsoft Visual Studio Solution File, Format Version 12.00
# Visual Studio 14
VisualStudioVersion = 14.0.25420.1
MinimumVisualStudioVersion = 10.0.40219.1
Project("{FAE04EC0-301F-11D3-BF4B-00C04F79EFBC}") = "Tcc.Gerenciamento", "Tcc.Gerenciamento\Tcc.Gerenciamento.csproj", "{63EC18FC-6804-453A-BD72-E7ADA74AF175}"
EndProject
Project("{FAE04EC0-301F-11D3-BF4B-00C04F79EFBC}") = "Tcc.Nucleo", "Tcc.Nucleo\Tcc.Nucleo.csproj", "{A8EA64CD-5E36-46E9-8B69-A2AA7EA4D0D9}"
EndProject
Project("{FAE04EC0-301F-11D3-BF4B-00C04F79EFBC}") = "Tcc.Comando", "Tcc.Comando\Tcc.Comando.csproj", "{9B4642DF-8DE3-4976-A746-A78735B4F9C1}"
EndProject
Project("{FAE04EC0-301F-11D3-BF4B-00C04F79EFBC}") = "Tcc.MySQL", "Tcc.MySQL\Tcc.MySQL.csproj", "{84BFD88B-F759-4256-B149-9B3EB73F0D61}"
EndProject
Project("{FAE04EC0-301F-11D3-BF4B-00C04F79EFBC}") = "Tcc.Analise", "Tcc.Analise\Tcc.Analise.csproj", "{189CF0F1-5F55-49DF-A44B-3AB469B9CF33}"
EndProject
Project("{FAE04EC0-301F-11D3-BF4B-00C04F79EFBC}") = "Tcc.MongoConector", "Tcc.MongoConector\Tcc.MongoConector.csproj", "{EC437398-4996-41A3-9045-63C64B0DF652}"
EndProject
Global
	GlobalSection(SolutionConfigurationPlatforms) = preSolution
		Debug|Any CPU = Debug|Any CPU
		Debug|ARM = Debug|ARM
		Debug|x64 = Debug|x64
		Debug|x86 = Debug|x86
		Release|Any CPU = Release|Any CPU
		Release|ARM = Release|ARM
		Release|x64 = Release|x64
		Release|x86 = Release|x86
	EndGlobalSection
	GlobalSection(ProjectConfigurationPlatforms) = postSolution
		{63EC18FC-6804-453A-BD72-E7ADA74AF175}.Debug|Any CPU.ActiveCfg = Debug|Any CPU
		{63EC18FC-6804-453A-BD72-E7ADA74AF175}.Debug|Any CPU.Build.0 = Debug|Any CPU
		{63EC18FC-6804-453A-BD72-E7ADA74AF175}.Debug|ARM.ActiveCfg = Debug|Any CPU
		{63EC18FC-6804-453A-BD72-E7ADA74AF175}.Debug|ARM.Build.0 = Debug|Any CPU
		{63EC18FC-6804-453A-BD72-E7ADA74AF175}.Debug|x64.ActiveCfg = Debug|Any CPU
		{63EC18FC-6804-453A-BD72-E7ADA74AF175}.Debug|x64.Build.0 = Debug|Any CPU
		{63EC18FC-6804-453A-BD72-E7ADA74AF175}.Debug|x86.ActiveCfg = Debug|Any CPU
		{63EC18FC-6804-453A-BD72-E7ADA74AF175}.Debug|x86.Build.0 = Debug|Any CPU
		{63EC18FC-6804-453A-BD72-E7ADA74AF175}.Release|Any CPU.ActiveCfg = Release|Any CPU
		{63EC18FC-6804-453A-BD72-E7ADA74AF175}.Release|Any CPU.Build.0 = Release|Any CPU
		{63EC18FC-6804-453A-BD72-E7ADA74AF175}.Release|ARM.ActiveCfg = Release|Any CPU
		{63EC18FC-6804-453A-BD72-E7ADA74AF175}.Release|ARM.Build.0 = Release|Any CPU
		{63EC18FC-6804-453A-BD72-E7ADA74AF175}.Release|x64.ActiveCfg = Release|Any CPU
		{63EC18FC-6804-453A-BD72-E7ADA74AF175}.Release|x64.Build.0 = Release|Any CPU
		{63EC18FC-6804-453A-BD72-E7ADA74AF175}.Release|x86.ActiveCfg = Release|Any CPU
		{63EC18FC-6804-453A-BD72-E7ADA74AF175}.Release|x86.Build.0 = Release|Any CPU
		{A8EA64CD-5E36-46E9-8B69-A2AA7EA4D0D9}.Debug|Any CPU.ActiveCfg = Debug|Any CPU
		{A8EA64CD-5E36-46E9-8B69-A2AA7EA4D0D9}.Debug|Any CPU.Build.0 = Debug|Any CPU
		{A8EA64CD-5E36-46E9-8B69-A2AA7EA4D0D9}.Debug|ARM.ActiveCfg = Debug|Any CPU
		{A8EA64CD-5E36-46E9-8B69-A2AA7EA4D0D9}.Debug|ARM.Build.0 = Debug|Any CPU
		{A8EA64CD-5E36-46E9-8B69-A2AA7EA4D0D9}.Debug|x64.ActiveCfg = Debug|Any CPU
		{A8EA64CD-5E36-46E9-8B69-A2AA7EA4D0D9}.Debug|x64.Build.0 = Debug|Any CPU
		{A8EA64CD-5E36-46E9-8B69-A2AA7EA4D0D9}.Debug|x86.ActiveCfg = Debug|Any CPU
		{A8EA64CD-5E36-46E9-8B69-A2AA7EA4D0D9}.Debug|x86.Build.0 = Debug|Any CPU
		{A8EA64CD-5E36-46E9-8B69-A2AA7EA4D0D9}.Release|Any CPU.ActiveCfg = Release|Any CPU
		{A8EA64CD-5E36-46E9-8B69-A2AA7EA4D0D9}.Release|Any CPU.Build.0 = Release|Any CPU
		{A8EA64CD-5E36-46E9-8B69-A2AA7EA4D0D9}.Release|ARM.ActiveCfg = Release|Any CPU
		{A8EA64CD-5E36-46E9-8B69-A2AA7EA4D0D9}.Release|ARM.Build.0 = Release|Any CPU
		{A8EA64CD-5E36-46E9-8B69-A2AA7EA4D0D9}.Release|x64.ActiveCfg = Release|Any CPU
		{A8EA64CD-5E36-46E9-8B69-A2AA7EA4D0D9}.Release|x64.Build.0 = Release|Any CPU
		{A8EA64CD-5E36-46E9-8B69-A2AA7EA4D0D9}.Release|x86.ActiveCfg = Release|Any CPU
		{A8EA64CD-5E36-46E9-8B69-A2AA7EA4D0D9}.Release|x86.Build.0 = Release|Any CPU
		{9B4642DF-8DE3-4976-A746-A78735B4F9C1}.Debug|Any CPU.ActiveCfg = Debug|Any CPU
		{9B4642DF-8DE3-4976-A746-A78735B4F9C1}.Debug|Any CPU.Build.0 = Debug|Any CPU
		{9B4642DF-8DE3-4976-A746-A78735B4F9C1}.Debug|ARM.ActiveCfg = Debug|Any CPU
		{9B4642DF-8DE3-4976-A746-A78735B4F9C1}.Debug|ARM.Build.0 = Debug|Any CPU
		{9B4642DF-8DE3-4976-A746-A78735B4F9C1}.Debug|x64.ActiveCfg = Debug|Any CPU
		{9B4642DF-8DE3-4976-A746-A78735B4F9C1}.Debug|x64.Build.0 = Debug|Any CPU
		{9B4642DF-8DE3-4976-A746-A78735B4F9C1}.Debug|x86.ActiveCfg = Debug|Any CPU
		{9B4642DF-8DE3-4976-A746-A78735B4F9C1}.Debug|x86.Build.0 = Debug|Any CPU
		{9B4642DF-8DE3-4976-A746-A78735B4F9C1}.Release|Any CPU.ActiveCfg = Release|Any CPU
		{9B4642DF-8DE3-4976-A746-A78735B4F9C1}.Release|Any CPU.Build.0 = Release|Any CPU
		{9B4642DF-8DE3-4976-A746-A78735B4F9C1}.Release|ARM.ActiveCfg = Release|Any CPU
		{9B4642DF-8DE3-4976-A746-A78735B4F9C1}.Release|ARM.Build.0 = Release|Any CPU
		{9B4642DF-8DE3-4976-A746-A78735B4F9C1}.Release|x64.ActiveCfg = Release|Any CPU
		{9B4642DF-8DE3-4976-A746-A78735B4F9C1}.Release|x64.Build.0 = Release|Any CPU
		{9B4642DF-8DE3-4976-A746-A78735B4F9C1}.Release|x86.ActiveCfg = Release|Any CPU
		{9B4642DF-8DE3-4976-A746-A78735B4F9C1}.Release|x86.Build.0 = Release|Any CPU
		{84BFD88B-F759-4256-B149-9B3EB73F0D61}.Debug|Any CPU.ActiveCfg = Debug|Any CPU
		{84BFD88B-F759-4256-B149-9B3EB73F0D61}.Debug|Any CPU.Build.0 = Debug|Any CPU
		{84BFD88B-F759-4256-B149-9B3EB73F0D61}.Debug|ARM.ActiveCfg = Debug|Any CPU
		{84BFD88B-F759-4256-B149-9B3EB73F0D61}.Debug|ARM.Build.0 = Debug|Any CPU
		{84BFD88B-F759-4256-B149-9B3EB73F0D61}.Debug|x64.ActiveCfg = Debug|Any CPU
		{84BFD88B-F759-4256-B149-9B3EB73F0D61}.Debug|x64.Build.0 = Debug|Any CPU
		{84BFD88B-F759-4256-B149-9B3EB73F0D61}.Debug|x86.ActiveCfg = Debug|Any CPU
		{84BFD88B-F759-4256-B149-9B3EB73F0D61}.Debug|x86.Build.0 = Debug|Any CPU
		{84BFD88B-F759-4256-B149-9B3EB73F0D61}.Release|Any CPU.ActiveCfg = Release|Any CPU
		{84BFD88B-F759-4256-B149-9B3EB73F0D61}.Release|Any CPU.Build.0 = Release|Any CPU
		{84BFD88B-F759-4256-B149-9B3EB73F0D61}.Release|ARM.ActiveCfg = Release|Any CPU
		{84BFD88B-F759-4256-B149-9B3EB73F0D61}.Release|ARM.Build.0 = Release|Any CPU
		{84BFD88B-F759-4256-B149-9B3EB73F0D61}.Release|x64.ActiveCfg = Release|Any CPU
		{84BFD88B-F759-4256-B149-9B3EB73F0D61}.Release|x64.Build.0 = Release|Any CPU
		{84BFD88B-F759-4256-B149-9B3EB73F0D61}.Release|x86.ActiveCfg = Release|Any CPU
		{84BFD88B-F759-4256-B149-9B3EB73F0D61}.Release|x86.Build.0 = Release|Any CPU
		{189CF0F1-5F55-49DF-A44B-3AB469B9CF33}.Debug|Any CPU.ActiveCfg = Debug|Any CPU
		{189CF0F1-5F55-49DF-A44B-3AB469B9CF33}.Debug|Any CPU.Build.0 = Debug|Any CPU
		{189CF0F1-5F55-49DF-A44B-3AB469B9CF33}.Debug|ARM.ActiveCfg = Debug|Any CPU
		{189CF0F1-5F55-49DF-A44B-3AB469B9CF33}.Debug|ARM.Build.0 = Debug|Any CPU
		{189CF0F1-5F55-49DF-A44B-3AB469B9CF33}.Debug|x64.ActiveCfg = Debug|Any CPU
		{189CF0F1-5F55-49DF-A44B-3AB469B9CF33}.Debug|x64.Build.0 = Debug|Any CPU
		{189CF0F1-5F55-49DF-A44B-3AB469B9CF33}.Debug|x86.ActiveCfg = Debug|Any CPU
		{189CF0F1-5F55-49DF-A44B-3AB469B9CF33}.Debug|x86.Build.0 = Debug|Any CPU
		{189CF0F1-5F55-49DF-A44B-3AB469B9CF33}.Release|Any CPU.ActiveCfg = Release|Any CPU
		{189CF0F1-5F55-49DF-A44B-3AB469B9CF33}.Release|Any CPU.Build.0 = Release|Any CPU
		{189CF0F1-5F55-49DF-A44B-3AB469B9CF33}.Release|ARM.ActiveCfg = Release|Any CPU
		{189CF0F1-5F55-49DF-A44B-3AB469B9CF33}.Release|ARM.Build.0 = Release|Any CPU
		{189CF0F1-5F55-49DF-A44B-3AB469B9CF33}.Release|x64.ActiveCfg = Release|Any CPU
		{189CF0F1-5F55-49DF-A44B-3AB469B9CF33}.Release|x64.Build.0 = Release|Any CPU
		{189CF0F1-5F55-49DF-A44B-3AB469B9CF33}.Release|x86.ActiveCfg = Release|Any CPU
		{189CF0F1-5F55-49DF-A44B-3AB469B9CF33}.Release|x86.Build.0 = Release|Any CPU
		{EC437398-4996-41A3-9045-63C64B0DF652}.Debug|Any CPU.ActiveCfg = Debug|Any CPU
		{EC437398-4996-41A3-9045-63C64B0DF652}.Debug|Any CPU.Build.0 = Debug|Any CPU
		{EC437398-4996-41A3-9045-63C64B0DF652}.Debug|ARM.ActiveCfg = Debug|Any CPU
		{EC437398-4996-41A3-9045-63C64B0DF652}.Debug|ARM.Build.0 = Debug|Any CPU
		{EC437398-4996-41A3-9045-63C64B0DF652}.Debug|x64.ActiveCfg = Debug|Any CPU
		{EC437398-4996-41A3-9045-63C64B0DF652}.Debug|x64.Build.0 = Debug|Any CPU
		{EC437398-4996-41A3-9045-63C64B0DF652}.Debug|x86.ActiveCfg = Debug|Any CPU
		{EC437398-4996-41A3-9045-63C64B0DF652}.Debug|x86.Build.0 = Debug|Any CPU
		{EC437398-4996-41A3-9045-63C64B0DF652}.Release|Any CPU.ActiveCfg = Release|Any CPU
		{EC437398-4996-41A3-9045-63C64B0DF652}.Release|Any CPU.Build.0 = Release|Any CPU
		{EC437398-4996-41A3-9045-63C64B0DF652}.Release|ARM.ActiveCfg = Release|Any CPU
		{EC437398-4996-41A3-9045-63C64B0DF652}.Release|ARM.Build.0 = Release|Any CPU
		{EC437398-4996-41A3-9045-63C64B0DF652}.Release|x64.ActiveCfg = Release|Any CPU
		{EC437398-4996-41A3-9045-63C64B0DF652}.Release|x64.Build.0 = Release|Any CPU
		{EC437398-4996-41A3-9045-63C64B0DF652}.Release|x86.ActiveCfg = Release|Any CPU
		{EC437398-4996-41A3-9045-63C64B0DF652}.Release|x86.Build.0 = Release|Any CPU
	EndGlobalSection
	GlobalSection(SolutionProperties) = preSolution
		HideSolutionNode = FALSE
	EndGlobalSection
EndGlobal
