
Microsoft Visual Studio Solution File, Format Version 12.00
# Visual Studio 15
VisualStudioVersion = 15.0.27004.2005
MinimumVisualStudioVersion = 10.0.40219.1
Project("{9A19103F-16F7-4668-BE54-9A1E7A4F7556}") = "Tcc.Web", "Tcc.Web\Tcc.Web.csproj", "{B47F7F32-9B83-4FAA-8998-78455D81A33B}"
EndProject
Project("{FAE04EC0-301F-11D3-BF4B-00C04F79EFBC}") = "Tcc.NucleoCore", "Tcc.NucleoCore\Tcc.NucleoCore.csproj", "{6E506D50-65C7-4FA3-9325-9AE1E8EDD3F6}"
EndProject
Project("{FAE04EC0-301F-11D3-BF4B-00C04F79EFBC}") = "Tcc.MySQLCore", "Tcc.MySQLCore\Tcc.MySQLCore.csproj", "{6336CCB9-0D95-4BE7-9F42-194E9B226AE9}"
EndProject
Project("{FAE04EC0-301F-11D3-BF4B-00C04F79EFBC}") = "Tcc.MongoConectorCore", "Tcc.MongoConectorCore\Tcc.MongoConectorCore.csproj", "{CE1149F4-6647-470C-BCBE-68F94A09258D}"
EndProject
Project("{FAE04EC0-301F-11D3-BF4B-00C04F79EFBC}") = "Tcc.ComandoCore", "Tcc.ComandoCore\Tcc.ComandoCore.csproj", "{E69ECEA8-D6D2-433B-BFC2-EA5A28310D43}"
EndProject
Global
	GlobalSection(SolutionConfigurationPlatforms) = preSolution
		Debug|Any CPU = Debug|Any CPU
		Debug|ARM = Debug|ARM
		Debug|x64 = Debug|x64
		Debug|x86 = Debug|x86
		Release|Any CPU = Release|Any CPU
		Release|ARM = Release|ARM
		Release|x64 = Release|x64
		Release|x86 = Release|x86
	EndGlobalSection
	GlobalSection(ProjectConfigurationPlatforms) = postSolution
		{B47F7F32-9B83-4FAA-8998-78455D81A33B}.Debug|Any CPU.ActiveCfg = Debug|Any CPU
		{B47F7F32-9B83-4FAA-8998-78455D81A33B}.Debug|Any CPU.Build.0 = Debug|Any CPU
		{B47F7F32-9B83-4FAA-8998-78455D81A33B}.Debug|ARM.ActiveCfg = Debug|Any CPU
		{B47F7F32-9B83-4FAA-8998-78455D81A33B}.Debug|ARM.Build.0 = Debug|Any CPU
		{B47F7F32-9B83-4FAA-8998-78455D81A33B}.Debug|x64.ActiveCfg = Debug|Any CPU
		{B47F7F32-9B83-4FAA-8998-78455D81A33B}.Debug|x64.Build.0 = Debug|Any CPU
		{B47F7F32-9B83-4FAA-8998-78455D81A33B}.Debug|x86.ActiveCfg = Debug|Any CPU
		{B47F7F32-9B83-4FAA-8998-78455D81A33B}.Debug|x86.Build.0 = Debug|Any CPU
		{B47F7F32-9B83-4FAA-8998-78455D81A33B}.Release|Any CPU.ActiveCfg = Release|Any CPU
		{B47F7F32-9B83-4FAA-8998-78455D81A33B}.Release|Any CPU.Build.0 = Release|Any CPU
		{B47F7F32-9B83-4FAA-8998-78455D81A33B}.Release|ARM.ActiveCfg = Release|Any CPU
		{B47F7F32-9B83-4FAA-8998-78455D81A33B}.Release|ARM.Build.0 = Release|Any CPU
		{B47F7F32-9B83-4FAA-8998-78455D81A33B}.Release|x64.ActiveCfg = Release|Any CPU
		{B47F7F32-9B83-4FAA-8998-78455D81A33B}.Release|x64.Build.0 = Release|Any CPU
		{B47F7F32-9B83-4FAA-8998-78455D81A33B}.Release|x86.ActiveCfg = Release|Any CPU
		{B47F7F32-9B83-4FAA-8998-78455D81A33B}.Release|x86.Build.0 = Release|Any CPU
		{6E506D50-65C7-4FA3-9325-9AE1E8EDD3F6}.Debug|Any CPU.ActiveCfg = Debug|Any CPU
		{6E506D50-65C7-4FA3-9325-9AE1E8EDD3F6}.Debug|Any CPU.Build.0 = Debug|Any CPU
		{6E506D50-65C7-4FA3-9325-9AE1E8EDD3F6}.Debug|ARM.ActiveCfg = Debug|Any CPU
		{6E506D50-65C7-4FA3-9325-9AE1E8EDD3F6}.Debug|ARM.Build.0 = Debug|Any CPU
		{6E506D50-65C7-4FA3-9325-9AE1E8EDD3F6}.Debug|x64.ActiveCfg = Debug|Any CPU
		{6E506D50-65C7-4FA3-9325-9AE1E8EDD3F6}.Debug|x64.Build.0 = Debug|Any CPU
		{6E506D50-65C7-4FA3-9325-9AE1E8EDD3F6}.Debug|x86.ActiveCfg = Debug|Any CPU
		{6E506D50-65C7-4FA3-9325-9AE1E8EDD3F6}.Debug|x86.Build.0 = Debug|Any CPU
		{6E506D50-65C7-4FA3-9325-9AE1E8EDD3F6}.Release|Any CPU.ActiveCfg = Release|Any CPU
		{6E506D50-65C7-4FA3-9325-9AE1E8EDD3F6}.Release|Any CPU.Build.0 = Release|Any CPU
		{6E506D50-65C7-4FA3-9325-9AE1E8EDD3F6}.Release|ARM.ActiveCfg = Release|Any CPU
		{6E506D50-65C7-4FA3-9325-9AE1E8EDD3F6}.Release|ARM.Build.0 = Release|Any CPU
		{6E506D50-65C7-4FA3-9325-9AE1E8EDD3F6}.Release|x64.ActiveCfg = Release|Any CPU
		{6E506D50-65C7-4FA3-9325-9AE1E8EDD3F6}.Release|x64.Build.0 = Release|Any CPU
		{6E506D50-65C7-4FA3-9325-9AE1E8EDD3F6}.Release|x86.ActiveCfg = Release|Any CPU
		{6E506D50-65C7-4FA3-9325-9AE1E8EDD3F6}.Release|x86.Build.0 = Release|Any CPU
		{6336CCB9-0D95-4BE7-9F42-194E9B226AE9}.Debug|Any CPU.ActiveCfg = Debug|Any CPU
		{6336CCB9-0D95-4BE7-9F42-194E9B226AE9}.Debug|Any CPU.Build.0 = Debug|Any CPU
		{6336CCB9-0D95-4BE7-9F42-194E9B226AE9}.Debug|ARM.ActiveCfg = Debug|Any CPU
		{6336CCB9-0D95-4BE7-9F42-194E9B226AE9}.Debug|ARM.Build.0 = Debug|Any CPU
		{6336CCB9-0D95-4BE7-9F42-194E9B226AE9}.Debug|x64.ActiveCfg = Debug|Any CPU
		{6336CCB9-0D95-4BE7-9F42-194E9B226AE9}.Debug|x64.Build.0 = Debug|Any CPU
		{6336CCB9-0D95-4BE7-9F42-194E9B226AE9}.Debug|x86.ActiveCfg = Debug|Any CPU
		{6336CCB9-0D95-4BE7-9F42-194E9B226AE9}.Debug|x86.Build.0 = Debug|Any CPU
		{6336CCB9-0D95-4BE7-9F42-194E9B226AE9}.Release|Any CPU.ActiveCfg = Release|Any CPU
		{6336CCB9-0D95-4BE7-9F42-194E9B226AE9}.Release|Any CPU.Build.0 = Release|Any CPU
		{6336CCB9-0D95-4BE7-9F42-194E9B226AE9}.Release|ARM.ActiveCfg = Release|Any CPU
		{6336CCB9-0D95-4BE7-9F42-194E9B226AE9}.Release|ARM.Build.0 = Release|Any CPU
		{6336CCB9-0D95-4BE7-9F42-194E9B226AE9}.Release|x64.ActiveCfg = Release|Any CPU
		{6336CCB9-0D95-4BE7-9F42-194E9B226AE9}.Release|x64.Build.0 = Release|Any CPU
		{6336CCB9-0D95-4BE7-9F42-194E9B226AE9}.Release|x86.ActiveCfg = Release|Any CPU
		{6336CCB9-0D95-4BE7-9F42-194E9B226AE9}.Release|x86.Build.0 = Release|Any CPU
		{CE1149F4-6647-470C-BCBE-68F94A09258D}.Debug|Any CPU.ActiveCfg = Debug|Any CPU
		{CE1149F4-6647-470C-BCBE-68F94A09258D}.Debug|Any CPU.Build.0 = Debug|Any CPU
		{CE1149F4-6647-470C-BCBE-68F94A09258D}.Debug|ARM.ActiveCfg = Debug|Any CPU
		{CE1149F4-6647-470C-BCBE-68F94A09258D}.Debug|ARM.Build.0 = Debug|Any CPU
		{CE1149F4-6647-470C-BCBE-68F94A09258D}.Debug|x64.ActiveCfg = Debug|Any CPU
		{CE1149F4-6647-470C-BCBE-68F94A09258D}.Debug|x64.Build.0 = Debug|Any CPU
		{CE1149F4-6647-470C-BCBE-68F94A09258D}.Debug|x86.ActiveCfg = Debug|Any CPU
		{CE1149F4-6647-470C-BCBE-68F94A09258D}.Debug|x86.Build.0 = Debug|Any CPU
		{CE1149F4-6647-470C-BCBE-68F94A09258D}.Release|Any CPU.ActiveCfg = Release|Any CPU
		{CE1149F4-6647-470C-BCBE-68F94A09258D}.Release|Any CPU.Build.0 = Release|Any CPU
		{CE1149F4-6647-470C-BCBE-68F94A09258D}.Release|ARM.ActiveCfg = Release|Any CPU
		{CE1149F4-6647-470C-BCBE-68F94A09258D}.Release|ARM.Build.0 = Release|Any CPU
		{CE1149F4-6647-470C-BCBE-68F94A09258D}.Release|x64.ActiveCfg = Release|Any CPU
		{CE1149F4-6647-470C-BCBE-68F94A09258D}.Release|x64.Build.0 = Release|Any CPU
		{CE1149F4-6647-470C-BCBE-68F94A09258D}.Release|x86.ActiveCfg = Release|Any CPU
		{CE1149F4-6647-470C-BCBE-68F94A09258D}.Release|x86.Build.0 = Release|Any CPU
		{E69ECEA8-D6D2-433B-BFC2-EA5A28310D43}.Debug|Any CPU.ActiveCfg = Debug|Any CPU
		{E69ECEA8-D6D2-433B-BFC2-EA5A28310D43}.Debug|Any CPU.Build.0 = Debug|Any CPU
		{E69ECEA8-D6D2-433B-BFC2-EA5A28310D43}.Debug|ARM.ActiveCfg = Debug|Any CPU
		{E69ECEA8-D6D2-433B-BFC2-EA5A28310D43}.Debug|ARM.Build.0 = Debug|Any CPU
		{E69ECEA8-D6D2-433B-BFC2-EA5A28310D43}.Debug|x64.ActiveCfg = Debug|Any CPU
		{E69ECEA8-D6D2-433B-BFC2-EA5A28310D43}.Debug|x64.Build.0 = Debug|Any CPU
		{E69ECEA8-D6D2-433B-BFC2-EA5A28310D43}.Debug|x86.ActiveCfg = Debug|Any CPU
		{E69ECEA8-D6D2-433B-BFC2-EA5A28310D43}.Debug|x86.Build.0 = Debug|Any CPU
		{E69ECEA8-D6D2-433B-BFC2-EA5A28310D43}.Release|Any CPU.ActiveCfg = Release|Any CPU
		{E69ECEA8-D6D2-433B-BFC2-EA5A28310D43}.Release|Any CPU.Build.0 = Release|Any CPU
		{E69ECEA8-D6D2-433B-BFC2-EA5A28310D43}.Release|ARM.ActiveCfg = Release|Any CPU
		{E69ECEA8-D6D2-433B-BFC2-EA5A28310D43}.Release|ARM.Build.0 = Release|Any CPU
		{E69ECEA8-D6D2-433B-BFC2-EA5A28310D43}.Release|x64.ActiveCfg = Release|Any CPU
		{E69ECEA8-D6D2-433B-BFC2-EA5A28310D43}.Release|x64.Build.0 = Release|Any CPU
		{E69ECEA8-D6D2-433B-BFC2-EA5A28310D43}.Release|x86.ActiveCfg = Release|Any CPU
		{E69ECEA8-D6D2-433B-BFC2-EA5A28310D43}.Release|x86.Build.0 = Release|Any CPU
	EndGlobalSection
	GlobalSection(SolutionProperties) = preSolution
		HideSolutionNode = FALSE
	EndGlobalSection
	GlobalSection(ExtensibilityGlobals) = postSolution
		SolutionGuid = {2213F1B1-EEA5-46C2-ADC8-AA6C45EA571A}
	EndGlobalSection
EndGlobal
