
Microsoft Visual Studio Solution File, Format Version 12.00
# Visual Studio 15
VisualStudioVersion = 15.0.28010.2003
MinimumVisualStudioVersion = 10.0.40219.1
Project("{FAE04EC0-301F-11D3-BF4B-00C04F79EFBC}") = "Tcc.Api", "Tcc.Api\Tcc.Api.csproj", "{134016E4-9AC2-48DA-A565-39B214E39360}"
EndProject
Global
	GlobalSection(SolutionConfigurationPlatforms) = preSolution
		Debug|Any CPU = Debug|Any CPU
		Release|Any CPU = Release|Any CPU
	EndGlobalSection
	GlobalSection(ProjectConfigurationPlatforms) = postSolution
		{134016E4-9AC2-48DA-A565-39B214E39360}.Debug|Any CPU.ActiveCfg = Debug|Any CPU
		{134016E4-9AC2-48DA-A565-39B214E39360}.Debug|Any CPU.Build.0 = Debug|Any CPU
		{134016E4-9AC2-48DA-A565-39B214E39360}.Release|Any CPU.ActiveCfg = Release|Any CPU
		{134016E4-9AC2-48DA-A565-39B214E39360}.Release|Any CPU.Build.0 = Release|Any CPU
	EndGlobalSection
	GlobalSection(SolutionProperties) = preSolution
		HideSolutionNode = FALSE
	EndGlobalSection
	GlobalSection(ExtensibilityGlobals) = postSolution
		SolutionGuid = {A98BA022-070D-4B5A-9F4D-84289CE6A220}
	EndGlobalSection
EndGlobal
